
Microsoft Visual Studio Solution File, Format Version 12.00
# Visual Studio 15
VisualStudioVersion = 15.0.27130.0
MinimumVisualStudioVersion = 10.0.40219.1
Project("{9A19103F-16F7-4668-BE54-9A1E7A4F7556}") = "BrowsCapTest - Core", "BrowsCapTest - Core\BrowsCapTest - Core.csproj", "{A5D7E179-8F61-466F-8624-52D78F128F80}"
EndProject
Project("{FAE04EC0-301F-11D3-BF4B-00C04F79EFBC}") = "BrowsCapTest - Framework", "BrowsCapTest - Framework\BrowsCapTest - Framework.csproj", "{8164310D-33B4-4E7F-8456-B7A9BFE90873}"
EndProject
Global
	GlobalSection(SolutionConfigurationPlatforms) = preSolution
		Debug|Any CPU = Debug|Any CPU
		Release|Any CPU = Release|Any CPU
	EndGlobalSection
	GlobalSection(ProjectConfigurationPlatforms) = postSolution
		{A5D7E179-8F61-466F-8624-52D78F128F80}.Debug|Any CPU.ActiveCfg = Debug|Any CPU
		{A5D7E179-8F61-466F-8624-52D78F128F80}.Debug|Any CPU.Build.0 = Debug|Any CPU
		{A5D7E179-8F61-466F-8624-52D78F128F80}.Release|Any CPU.ActiveCfg = Release|Any CPU
		{A5D7E179-8F61-466F-8624-52D78F128F80}.Release|Any CPU.Build.0 = Release|Any CPU
		{8164310D-33B4-4E7F-8456-B7A9BFE90873}.Debug|Any CPU.ActiveCfg = Debug|Any CPU
		{8164310D-33B4-4E7F-8456-B7A9BFE90873}.Debug|Any CPU.Build.0 = Debug|Any CPU
		{8164310D-33B4-4E7F-8456-B7A9BFE90873}.Release|Any CPU.ActiveCfg = Release|Any CPU
		{8164310D-33B4-4E7F-8456-B7A9BFE90873}.Release|Any CPU.Build.0 = Release|Any CPU
	EndGlobalSection
	GlobalSection(SolutionProperties) = preSolution
		HideSolutionNode = FALSE
	EndGlobalSection
	GlobalSection(ExtensibilityGlobals) = postSolution
		SolutionGuid = {EF5B0192-DF64-4B34-9262-FAAD69FFB043}
	EndGlobalSection
EndGlobal
